PyYAML==6.0.3
Pygments==2.21.0
arrow==1.4.0
black==26.5.1
boto3==1.43.97
botocore==1.43.97
certifi==2026.7.22
charset-normalizer==3.5.1
click==8.5.0
falcon==4.3.1
idna==3.20
inflection==0.5.1
isort==8.0.1
jmespath==1.1.0
markdown-it-py==4.2.0
mdurl==0.1.2
mypy_extensions==1.1.0
offapi==0.1.2
packaging==26.3
paho-mqtt==2.1.0
pathspec==1.1.1
platformdirs==4.11.10
pyaes==1.6.1
pydantic==1.10.26
python-dateutil==2.9.0.post0
pytokens==0.4.1
redis==8.0.1
requests==2.34.2
rich==15.0.0
s3transfer==0.19.2
semantic-version==2.10.0
six==1.17.0
spectree==1.5.8
tcex==4.0.11
typing_extensions==4.16.0
tzdata==2026.4
urllib3==2.8.0
uuid6==2025.0.1
wrapt==2.2.2